github.com/Ricefrog/fractal-lib v1.0.1 h1:o40JB2tyfSAaSssrEbY2OJjONyBNTRGHyZy0bvSwHT8=
github.com/Ricefrog/fractal-lib v1.0.1/go.mod h1:+kCpNeNpGdb8sl3EPX5kyPALCMOBnuGDjMCxmdBN+jg=
github.com/lucasb-eyer/go-colorful v1.2.0 h1:1nnpGOrhyZZuNyfu1QjKiUICQ74+3FNCN69Aj6K7nkY=
github.com/lucasb-eyer/go-colorful v1.2.0/go.mod h1:R4dSotOR9KMtayYi1e77YzuveK+i7ruzyGqttikkLy0=
